// !$*UTF8*$!
{
	archiveVersion = 1;
	classes = {
	};
	objectVersion = 55;
	objects = {

/* Begin PBXBuildFile section */
		0032FAB010D88C89AD0EC8D7 /* Pods_swiftTest2Tests.framework in Frameworks */ = {isa = PBXBuildFile; fileRef = 93EE9D4F2C7FC435A8F48FB9 /* Pods_swiftTest2Tests.framework */; };
		72B850ADFA12235DC50DF19D /* Pods_swiftTest2.framework in Frameworks */ = {isa = PBXBuildFile; fileRef = D3FA13B3B777DCDF7C202157 /* Pods_swiftTest2.framework */; };
		A3306C0339E055C3993D67D6 /* Pods_swiftTest2_swiftTest2UITests.framework in Frameworks */ = {isa = PBXBuildFile; fileRef = 1E05880E99F318E30AA0B1A6 /* Pods_swiftTest2_swiftTest2UITests.framework */; };
		C22158DF28B8B4C9001F8277 /* YCDeviceManager.swift in Sources */ = {isa = PBXBuildFile; fileRef = C22158DE28B8B4C9001F8277 /* YCDeviceManager.swift */; };
		C25BF04628ACCFAC003E9836 /* HomePageViewController.swift in Sources */ = {isa = PBXBuildFile; fileRef = C25BF04528ACCFAC003E9836 /* HomePageViewController.swift */; };
		C25BF04828ACCFB5003E9836 /* MessagePageViewController.swift in Sources */ = {isa = PBXBuildFile; fileRef = C25BF04728ACCFB5003E9836 /* MessagePageViewController.swift */; };
		C25BF04A28ACCFBC003E9836 /* MinePageViewController.swift in Sources */ = {isa = PBXBuildFile; fileRef = C25BF04928ACCFBC003E9836 /* MinePageViewController.swift */; };
		C25BF04C28ACCFD3003E9836 /* LoginPageViewController.swift in Sources */ = {isa = PBXBuildFile; fileRef = C25BF04B28ACCFD3003E9836 /* LoginPageViewController.swift */; };
		C25BF04F28ACD1AD003E9836 /* UIColorExtension.swift in Sources */ = {isa = PBXBuildFile; fileRef = C25BF04E28ACD1AD003E9836 /* UIColorExtension.swift */; };
		C25BF05228ACD76E003E9836 /* UtilTextHeader.swift in Sources */ = {isa = PBXBuildFile; fileRef = C25BF05128ACD76E003E9836 /* UtilTextHeader.swift */; };
		C25BF05428ACEE14003E9836 /* UtilNoticeHeader.swift in Sources */ = {isa = PBXBuildFile; fileRef = C25BF05328ACEE14003E9836 /* UtilNoticeHeader.swift */; };
		C292F85528AC7D2D001B1984 /* SwiftHeader.swift in Sources */ = {isa = PBXBuildFile; fileRef = C292F85428AC7D2D001B1984 /* SwiftHeader.swift */; };
		C292F85728AC8082001B1984 /* YCTabbarViewController.swift in Sources */ = {isa = PBXBuildFile; fileRef = C292F85628AC8082001B1984 /* YCTabbarViewController.swift */; };
		C292F86228AC8734001B1984 /* YCBaseViewController.swift in Sources */ = {isa = PBXBuildFile; fileRef = C292F86128AC8734001B1984 /* YCBaseViewController.swift */; };
		C292F86428AC875A001B1984 /* YCNavigationController.swift in Sources */ = {isa = PBXBuildFile; fileRef = C292F86328AC875A001B1984 /* YCNavigationController.swift */; };
		C2A558D128BC5689005D3DC7 /* MoyaConfig.swift in Sources */ = {isa = PBXBuildFile; fileRef = C2A558D028BC5689005D3DC7 /* MoyaConfig.swift */; };
		C2A558D528BC5B0C005D3DC7 /* MessagePageApi.swift in Sources */ = {isa = PBXBuildFile; fileRef = C2A558D428BC5B0C005D3DC7 /* MessagePageApi.swift */; };
		C2A558D728BC6686005D3DC7 /* MessageTestModel.swift in Sources */ = {isa = PBXBuildFile; fileRef = C2A558D628BC6686005D3DC7 /* MessageTestModel.swift */; };
		C2A558D928BC8AF6005D3DC7 /* MessageDailyListCell.swift in Sources */ = {isa = PBXBuildFile; fileRef = C2A558D828BC8AF6005D3DC7 /* MessageDailyListCell.swift */; };
		C2A558DB28BC979E005D3DC7 /* MessageNewsPageVC.swift in Sources */ = {isa = PBXBuildFile; fileRef = C2A558DA28BC979E005D3DC7 /* MessageNewsPageVC.swift */; };
		C2A558DD28BCA1A8005D3DC7 /* MessageNewsListVC.swift in Sources */ = {isa = PBXBuildFile; fileRef = C2A558DC28BCA1A8005D3DC7 /* MessageNewsListVC.swift */; };
		C2A558DF28BCA6E7005D3DC7 /* NewsTypesModel.swift in Sources */ = {isa = PBXBuildFile; fileRef = C2A558DE28BCA6E7005D3DC7 /* NewsTypesModel.swift */; };
		C2A558E328BCB9EE005D3DC7 /* UITableView+Extension.swift in Sources */ = {isa = PBXBuildFile; fileRef = C2A558E228BCB9EE005D3DC7 /* UITableView+Extension.swift */; };
		C2A558E528BDA172005D3DC7 /* MessageNewsListCell.swift in Sources */ = {isa = PBXBuildFile; fileRef = C2A558E428BDA172005D3DC7 /* MessageNewsListCell.swift */; };
		C2A558E728BDA2D3005D3DC7 /* NewsListModel.swift in Sources */ = {isa = PBXBuildFile; fileRef = C2A558E628BDA2D3005D3DC7 /* NewsListModel.swift */; };
		C2A558E928BDB6BA005D3DC7 /* MessageNewsDetailVC.swift in Sources */ = {isa = PBXBuildFile; fileRef = C2A558E828BDB6BA005D3DC7 /* MessageNewsDetailVC.swift */; };
		C2A558EB28BDDBB7005D3DC7 /* NewsDetailModel.swift in Sources */ = {isa = PBXBuildFile; fileRef = C2A558EA28BDDBB7005D3DC7 /* NewsDetailModel.swift */; };
		C2A558F028BE1368005D3DC7 /* chicken.json in Resources */ = {isa = PBXBuildFile; fileRef = C2A558EE28BE1368005D3DC7 /* chicken.json */; };
		C2A558F128BE1368005D3DC7 /* mouse.json in Resources */ = {isa = PBXBuildFile; fileRef = C2A558EF28BE1368005D3DC7 /* mouse.json */; };
		C2A558F328BE13B6005D3DC7 /* MessageLottiePageVC.swift in Sources */ = {isa = PBXBuildFile; fileRef = C2A558F228BE13B6005D3DC7 /* MessageLottiePageVC.swift */; };
		C2B1664D28AB9273004C7084 /* AppDelegate.swift in Sources */ = {isa = PBXBuildFile; fileRef = C2B1664C28AB9273004C7084 /* AppDelegate.swift */; };
		C2B1665428AB9273004C7084 /* Main.storyboard in Resources */ = {isa = PBXBuildFile; fileRef = C2B1665228AB9273004C7084 /* Main.storyboard */; };
		C2B1665628AB9274004C7084 /* Assets.xcassets in Resources */ = {isa = PBXBuildFile; fileRef = C2B1665528AB9274004C7084 /* Assets.xcassets */; };
		C2B1665928AB9274004C7084 /* LaunchScreen.storyboard in Resources */ = {isa = PBXBuildFile; fileRef = C2B1665728AB9274004C7084 /* LaunchScreen.storyboard */; };
		C2B1666428AB9274004C7084 /* swiftTest2Tests.swift in Sources */ = {isa = PBXBuildFile; fileRef = C2B1666328AB9274004C7084 /* swiftTest2Tests.swift */; };
		C2B1666E28AB9274004C7084 /* swiftTest2UITests.swift in Sources */ = {isa = PBXBuildFile; fileRef = C2B1666D28AB9274004C7084 /* swiftTest2UITests.swift */; };
		C2B1667028AB9274004C7084 /* swiftTest2UITestsLaunchTests.swift in Sources */ = {isa = PBXBuildFile; fileRef = C2B1666F28AB9274004C7084 /* swiftTest2UITestsLaunchTests.swift */; };
		C2C57F2D28BF3B3E006B76BF /* YCCircleProgressView.swift in Sources */ = {isa = PBXBuildFile; fileRef = C2C57F2C28BF3B3E006B76BF /* YCCircleProgressView.swift */; };
		C2CDC3BC28B31EF7008D72CD /* YCBaseWebViewController.swift in Sources */ = {isa = PBXBuildFile; fileRef = C2CDC3BB28B31EF7008D72CD /* YCBaseWebViewController.swift */; };
		C2D23B3828ADDFE2007C149B /* DictionaryExtension.swift in Sources */ = {isa = PBXBuildFile; fileRef = C2D23B2728ADDFE2007C149B /* DictionaryExtension.swift */; };
		C2D23B3B28ADDFE2007C149B /* WindowExtension.swift in Sources */ = {isa = PBXBuildFile; fileRef = C2D23B2A28ADDFE2007C149B /* WindowExtension.swift */; };
		C2D23B3C28ADDFE2007C149B /* StringExtension.swift in Sources */ = {isa = PBXBuildFile; fileRef = C2D23B2B28ADDFE2007C149B /* StringExtension.swift */; };
		C2D23B3D28ADDFE2007C149B /* UIBarButtonItemExtension.swift in Sources */ = {isa = PBXBuildFile; fileRef = C2D23B2C28ADDFE2007C149B /* UIBarButtonItemExtension.swift */; };
		C2D23B3E28ADDFE2007C149B /* UIDeviceExtension.swift in Sources */ = {isa = PBXBuildFile; fileRef = C2D23B2D28ADDFE2007C149B /* UIDeviceExtension.swift */; };
		C2D23B4128ADDFE2007C149B /* DispatchQueueExtension.swift in Sources */ = {isa = PBXBuildFile; fileRef = C2D23B3028ADDFE2007C149B /* DispatchQueueExtension.swift */; };
		C2D23B4328ADDFE2007C149B /* ArrayExtensions.swift in Sources */ = {isa = PBXBuildFile; fileRef = C2D23B3228ADDFE2007C149B /* ArrayExtensions.swift */; };
		C2D23B4428ADDFE2007C149B /* ButtonExtension.swift in Sources */ = {isa = PBXBuildFile; fileRef = C2D23B3328ADDFE2007C149B /* ButtonExtension.swift */; };
		C2D23B4528ADDFE2007C149B /* FontExtension.swift in Sources */ = {isa = PBXBuildFile; fileRef = C2D23B3428ADDFE2007C149B /* FontExtension.swift */; };
		C2D23B4828ADDFE2007C149B /* UIImageExtensions.swift in Sources */ = {isa = PBXBuildFile; fileRef = C2D23B3728ADDFE2007C149B /* UIImageExtensions.swift */; };
		C2D23B4E28ADEA1C007C149B /* ZCycleView.swift in Sources */ = {isa = PBXBuildFile; fileRef = C2D23B4B28ADEA1C007C149B /* ZCycleView.swift */; };
		C2D23B4F28ADEA1C007C149B /* ZCycleLayout.swift in Sources */ = {isa = PBXBuildFile; fileRef = C2D23B4C28ADEA1C007C149B /* ZCycleLayout.swift */; };
		C2D23B5028ADEA1C007C149B /* ZPageControl.swift in Sources */ = {isa = PBXBuildFile; fileRef = C2D23B4D28ADEA1C007C149B /* ZPageControl.swift */; };
		C2D23B5428ADEE32007C149B /* HomeCycleCollectionCell.swift in Sources */ = {isa = PBXBuildFile; fileRef = C2D23B5328ADEE32007C149B /* HomeCycleCollectionCell.swift */; };
		C2D23B5728AE14A8007C149B /* MessageListTVCell.swift in Sources */ = {isa = PBXBuildFile; fileRef = C2D23B5628AE14A8007C149B /* MessageListTVCell.swift */; };
		C2D23B5A28AE2A37007C149B /* HomeAppListApi.swift in Sources */ = {isa = PBXBuildFile; fileRef = C2D23B5928AE2A37007C149B /* HomeAppListApi.swift */; };
		C2D23B5C28AE436C007C149B /* HomeTestModel.swift in Sources */ = {isa = PBXBuildFile; fileRef = C2D23B5B28AE436C007C149B /* HomeTestModel.swift */; };
		C2D23B5E28AE45A0007C149B /* YCBaseModel.swift in Sources */ = {isa = PBXBuildFile; fileRef = C2D23B5D28AE45A0007C149B /* YCBaseModel.swift */; };
		C2D23B6128AF6F41007C149B /* MineCollectionViewCell.swift in Sources */ = {isa = PBXBuildFile; fileRef = C2D23B6028AF6F41007C149B /* MineCollectionViewCell.swift */; };
		C2D23B6728AF7607007C149B /* MessageDetailPageVC.swift in Sources */ = {isa = PBXBuildFile; fileRef = C2D23B6628AF7607007C149B /* MessageDetailPageVC.swift */; };
/* End PBXBuildFile section */

/* Begin PBXContainerItemProxy section */
		C2B1666028AB9274004C7084 /* PBXContainerItemProxy */ = {
			isa = PBXContainerItemProxy;
			containerPortal = C2B1664128AB9273004C7084 /* Project object */;
			proxyType = 1;
			remoteGlobalIDString = C2B1664828AB9273004C7084;
			remoteInfo = swiftTest2;
		};
		C2B1666A28AB9274004C7084 /* PBXContainerItemProxy */ = {
			isa = PBXContainerItemProxy;
			containerPortal = C2B1664128AB9273004C7084 /* Project object */;
			proxyType = 1;
			remoteGlobalIDString = C2B1664828AB9273004C7084;
			remoteInfo = swiftTest2;
		};
/* End PBXContainerItemProxy section */

/* Begin PBXFileReference section */
		03A2D7860506700C701F1DFF /* Pods-swiftTest2Tests.debug.xcconfig */ = {isa = PBXFileReference; includeInIndex = 1; lastKnownFileType = text.xcconfig; name = "Pods-swiftTest2Tests.debug.xcconfig"; path = "Target Support Files/Pods-swiftTest2Tests/Pods-swiftTest2Tests.debug.xcconfig"; sourceTree = "<group>"; };
		1E05880E99F318E30AA0B1A6 /* Pods_swiftTest2_swiftTest2UITests.framework */ = {isa = PBXFileReference; explicitFileType = wrapper.framework; includeInIndex = 0; path = Pods_swiftTest2_swiftTest2UITests.framework; sourceTree = BUILT_PRODUCTS_DIR; };
		4E4DD6EE70ED500D2314EBBB /* Pods-swiftTest2-swiftTest2UITests.debug.xcconfig */ = {isa = PBXFileReference; includeInIndex = 1; lastKnownFileType = text.xcconfig; name = "Pods-swiftTest2-swiftTest2UITests.debug.xcconfig"; path = "Target Support Files/Pods-swiftTest2-swiftTest2UITests/Pods-swiftTest2-swiftTest2UITests.debug.xcconfig"; sourceTree = "<group>"; };
		6A6CF99E6574EF7F05DB26DA /* Pods-swiftTest2-swiftTest2UITests.release.xcconfig */ = {isa = PBXFileReference; includeInIndex = 1; lastKnownFileType = text.xcconfig; name = "Pods-swiftTest2-swiftTest2UITests.release.xcconfig"; path = "Target Support Files/Pods-swiftTest2-swiftTest2UITests/Pods-swiftTest2-swiftTest2UITests.release.xcconfig"; sourceTree = "<group>"; };
		6D33019C09E60E5E33F86307 /* Pods-swiftTest2Tests.release.xcconfig */ = {isa = PBXFileReference; includeInIndex = 1; lastKnownFileType = text.xcconfig; name = "Pods-swiftTest2Tests.release.xcconfig"; path = "Target Support Files/Pods-swiftTest2Tests/Pods-swiftTest2Tests.release.xcconfig"; sourceTree = "<group>"; };
		93EE9D4F2C7FC435A8F48FB9 /* Pods_swiftTest2Tests.framework */ = {isa = PBXFileReference; explicitFileType = wrapper.framework; includeInIndex = 0; path = Pods_swiftTest2Tests.framework; sourceTree = BUILT_PRODUCTS_DIR; };
		C22158DE28B8B4C9001F8277 /* YCDeviceManager.swift */ = {isa = PBXFileReference; lastKnownFileType = sourcecode.swift; path = YCDeviceManager.swift; sourceTree = "<group>"; };
		C22158E028B8B626001F8277 /* swiftTest2.entitlements */ = {isa = PBXFileReference; lastKnownFileType = text.plist.entitlements; path = swiftTest2.entitlements; sourceTree = "<group>"; };
		C25BF04528ACCFAC003E9836 /* HomePageViewController.swift */ = {isa = PBXFileReference; fileEncoding = 4; lastKnownFileType = sourcecode.swift; path = HomePageViewController.swift; sourceTree = "<group>"; };
		C25BF04728ACCFB5003E9836 /* MessagePageViewController.swift */ = {isa = PBXFileReference; fileEncoding = 4; lastKnownFileType = sourcecode.swift; path = MessagePageViewController.swift; sourceTree = "<group>"; };
		C25BF04928ACCFBC003E9836 /* MinePageViewController.swift */ = {isa = PBXFileReference; fileEncoding = 4; lastKnownFileType = sourcecode.swift; path = MinePageViewController.swift; sourceTree = "<group>"; };
		C25BF04B28ACCFD3003E9836 /* LoginPageViewController.swift */ = {isa = PBXFileReference; lastKnownFileType = sourcecode.swift; path = LoginPageViewController.swift; sourceTree = "<group>"; };
		C25BF04E28ACD1AD003E9836 /* UIColorExtension.swift */ = {isa = PBXFileReference; fileEncoding = 4; lastKnownFileType = sourcecode.swift; path = UIColorExtension.swift; sourceTree = "<group>"; };
		C25BF05128ACD76E003E9836 /* UtilTextHeader.swift */ = {isa = PBXFileReference; lastKnownFileType = sourcecode.swift; path = UtilTextHeader.swift; sourceTree = "<group>"; };
		C25BF05328ACEE14003E9836 /* UtilNoticeHeader.swift */ = {isa = PBXFileReference; lastKnownFileType = sourcecode.swift; path = UtilNoticeHeader.swift; sourceTree = "<group>"; };
		C292F85428AC7D2D001B1984 /* SwiftHeader.swift */ = {isa = PBXFileReference; lastKnownFileType = sourcecode.swift; path = SwiftHeader.swift; sourceTree = "<group>"; };
		C292F85628AC8082001B1984 /* YCTabbarViewController.swift */ = {isa = PBXFileReference; lastKnownFileType = sourcecode.swift; path = YCTabbarViewController.swift; sourceTree = "<group>"; };
		C292F86128AC8734001B1984 /* YCBaseViewController.swift */ = {isa = PBXFileReference; lastKnownFileType = sourcecode.swift; path = YCBaseViewController.swift; sourceTree = "<group>"; };
		C292F86328AC875A001B1984 /* YCNavigationController.swift */ = {isa = PBXFileReference; lastKnownFileType = sourcecode.swift; path = YCNavigationController.swift; sourceTree = "<group>"; };
		C2A558D028BC5689005D3DC7 /* MoyaConfig.swift */ = {isa = PBXFileReference; lastKnownFileType = sourcecode.swift; path = MoyaConfig.swift; sourceTree = "<group>"; };
		C2A558D428BC5B0C005D3DC7 /* MessagePageApi.swift */ = {isa = PBXFileReference; lastKnownFileType = sourcecode.swift; path = MessagePageApi.swift; sourceTree = "<group>"; };
		C2A558D628BC6686005D3DC7 /* MessageTestModel.swift */ = {isa = PBXFileReference; lastKnownFileType = sourcecode.swift; path = MessageTestModel.swift; sourceTree = "<group>"; };
		C2A558D828BC8AF6005D3DC7 /* MessageDailyListCell.swift */ = {isa = PBXFileReference; lastKnownFileType = sourcecode.swift; path = MessageDailyListCell.swift; sourceTree = "<group>"; };
		C2A558DA28BC979E005D3DC7 /* MessageNewsPageVC.swift */ = {isa = PBXFileReference; lastKnownFileType = sourcecode.swift; path = MessageNewsPageVC.swift; sourceTree = "<group>"; };
		C2A558DC28BCA1A8005D3DC7 /* MessageNewsListVC.swift */ = {isa = PBXFileReference; lastKnownFileType = sourcecode.swift; path = MessageNewsListVC.swift; sourceTree = "<group>"; };
		C2A558DE28BCA6E7005D3DC7 /* NewsTypesModel.swift */ = {isa = PBXFileReference; lastKnownFileType = sourcecode.swift; path = NewsTypesModel.swift; sourceTree = "<group>"; };
		C2A558E228BCB9EE005D3DC7 /* UITableView+Extension.swift */ = {isa = PBXFileReference; lastKnownFileType = sourcecode.swift; path = "UITableView+Extension.swift"; sourceTree = "<group>"; };
		C2A558E428BDA172005D3DC7 /* MessageNewsListCell.swift */ = {isa = PBXFileReference; lastKnownFileType = sourcecode.swift; path = MessageNewsListCell.swift; sourceTree = "<group>"; };
		C2A558E628BDA2D3005D3DC7 /* NewsListModel.swift */ = {isa = PBXFileReference; lastKnownFileType = sourcecode.swift; path = NewsListModel.swift; sourceTree = "<group>"; };
		C2A558E828BDB6BA005D3DC7 /* MessageNewsDetailVC.swift */ = {isa = PBXFileReference; lastKnownFileType = sourcecode.swift; path = MessageNewsDetailVC.swift; sourceTree = "<group>"; };
		C2A558EA28BDDBB7005D3DC7 /* NewsDetailModel.swift */ = {isa = PBXFileReference; lastKnownFileType = sourcecode.swift; path = NewsDetailModel.swift; sourceTree = "<group>"; };
		C2A558EE28BE1368005D3DC7 /* chicken.json */ = {isa = PBXFileReference; fileEncoding = 4; lastKnownFileType = text.json; path = chicken.json; sourceTree = "<group>"; };
		C2A558EF28BE1368005D3DC7 /* mouse.json */ = {isa = PBXFileReference; fileEncoding = 4; lastKnownFileType = text.json; path = mouse.json; sourceTree = "<group>"; };
		C2A558F228BE13B6005D3DC7 /* MessageLottiePageVC.swift */ = {isa = PBXFileReference; lastKnownFileType = sourcecode.swift; path = MessageLottiePageVC.swift; sourceTree = "<group>"; };
		C2B1664928AB9273004C7084 /* swiftTest2.app */ = {isa = PBXFileReference; explicitFileType = wrapper.application; includeInIndex = 0; path = swiftTest2.app; sourceTree = BUILT_PRODUCTS_DIR; };
		C2B1664C28AB9273004C7084 /* AppDelegate.swift */ = {isa = PBXFileReference; lastKnownFileType = sourcecode.swift; path = AppDelegate.swift; sourceTree = "<group>"; };
		C2B1665328AB9273004C7084 /* Base */ = {isa = PBXFileReference; lastKnownFileType = file.storyboard; name = Base; path = Base.lproj/Main.storyboard; sourceTree = "<group>"; };
		C2B1665528AB9274004C7084 /* Assets.xcassets */ = {isa = PBXFileReference; lastKnownFileType = folder.assetcatalog; path = Assets.xcassets; sourceTree = "<group>"; };
		C2B1665828AB9274004C7084 /* Base */ = {isa = PBXFileReference; lastKnownFileType = file.storyboard; name = Base; path = Base.lproj/LaunchScreen.storyboard; sourceTree = "<group>"; };
		C2B1665A28AB9274004C7084 /* Info.plist */ = {isa = PBXFileReference; lastKnownFileType = text.plist.xml; path = Info.plist; sourceTree = "<group>"; };
		C2B1665F28AB9274004C7084 /* swiftTest2Tests.xctest */ = {isa = PBXFileReference; explicitFileType = wrapper.cfbundle; includeInIndex = 0; path = swiftTest2Tests.xctest; sourceTree = BUILT_PRODUCTS_DIR; };
		C2B1666328AB9274004C7084 /* swiftTest2Tests.swift */ = {isa = PBXFileReference; lastKnownFileType = sourcecode.swift; path = swiftTest2Tests.swift; sourceTree = "<group>"; };
		C2B1666928AB9274004C7084 /* swiftTest2UITests.xctest */ = {isa = PBXFileReference; explicitFileType = wrapper.cfbundle; includeInIndex = 0; path = swiftTest2UITests.xctest; sourceTree = BUILT_PRODUCTS_DIR; };
		C2B1666D28AB9274004C7084 /* swiftTest2UITests.swift */ = {isa = PBXFileReference; lastKnownFileType = sourcecode.swift; path = swiftTest2UITests.swift; sourceTree = "<group>"; };
		C2B1666F28AB9274004C7084 /* swiftTest2UITestsLaunchTests.swift */ = {isa = PBXFileReference; lastKnownFileType = sourcecode.swift; path = swiftTest2UITestsLaunchTests.swift; sourceTree = "<group>"; };
		C2C57F2C28BF3B3E006B76BF /* YCCircleProgressView.swift */ = {isa = PBXFileReference; lastKnownFileType = sourcecode.swift; path = YCCircleProgressView.swift; sourceTree = "<group>"; };
		C2CDC3BB28B31EF7008D72CD /* YCBaseWebViewController.swift */ = {isa = PBXFileReference; lastKnownFileType = sourcecode.swift; path = YCBaseWebViewController.swift; sourceTree = "<group>"; };
		C2D23B2628ADD218007C149B /* swiftTest2-Bridging-Header.h */ = {isa = PBXFileReference; lastKnownFileType = sourcecode.c.h; path = "swiftTest2-Bridging-Header.h"; sourceTree = "<group>"; };
		C2D23B2728ADDFE2007C149B /* DictionaryExtension.swift */ = {isa = PBXFileReference; fileEncoding = 4; lastKnownFileType = sourcecode.swift; path = DictionaryExtension.swift; sourceTree = "<group>"; };
		C2D23B2A28ADDFE2007C149B /* WindowExtension.swift */ = {isa = PBXFileReference; fileEncoding = 4; lastKnownFileType = sourcecode.swift; path = WindowExtension.swift; sourceTree = "<group>"; };
		C2D23B2B28ADDFE2007C149B /* StringExtension.swift */ = {isa = PBXFileReference; fileEncoding = 4; lastKnownFileType = sourcecode.swift; path = StringExtension.swift; sourceTree = "<group>"; };
		C2D23B2C28ADDFE2007C149B /* UIBarButtonItemExtension.swift */ = {isa = PBXFileReference; fileEncoding = 4; lastKnownFileType = sourcecode.swift; path = UIBarButtonItemExtension.swift; sourceTree = "<group>"; };
		C2D23B2D28ADDFE2007C149B /* UIDeviceExtension.swift */ = {isa = PBXFileReference; fileEncoding = 4; lastKnownFileType = sourcecode.swift; path = UIDeviceExtension.swift; sourceTree = "<group>"; };
		C2D23B3028ADDFE2007C149B /* DispatchQueueExtension.swift */ = {isa = PBXFileReference; fileEncoding = 4; lastKnownFileType = sourcecode.swift; path = DispatchQueueExtension.swift; sourceTree = "<group>"; };
		C2D23B3228ADDFE2007C149B /* ArrayExtensions.swift */ = {isa = PBXFileReference; fileEncoding = 4; lastKnownFileType = sourcecode.swift; path = ArrayExtensions.swift; sourceTree = "<group>"; };
		C2D23B3328ADDFE2007C149B /* ButtonExtension.swift */ = {isa = PBXFileReference; fileEncoding = 4; lastKnownFileType = sourcecode.swift; path = ButtonExtension.swift; sourceTree = "<group>"; };
		C2D23B3428ADDFE2007C149B /* FontExtension.swift */ = {isa = PBXFileReference; fileEncoding = 4; lastKnownFileType = sourcecode.swift; path = FontExtension.swift; sourceTree = "<group>"; };
		C2D23B3728ADDFE2007C149B /* UIImageExtensions.swift */ = {isa = PBXFileReference; fileEncoding = 4; lastKnownFileType = sourcecode.swift; path = UIImageExtensions.swift; sourceTree = "<group>"; };
		C2D23B4B28ADEA1C007C149B /* ZCycleView.swift */ = {isa = PBXFileReference; fileEncoding = 4; lastKnownFileType = sourcecode.swift; path = ZCycleView.swift; sourceTree = "<group>"; };
		C2D23B4C28ADEA1C007C149B /* ZCycleLayout.swift */ = {isa = PBXFileReference; fileEncoding = 4; lastKnownFileType = sourcecode.swift; path = ZCycleLayout.swift; sourceTree = "<group>"; };
		C2D23B4D28ADEA1C007C149B /* ZPageControl.swift */ = {isa = PBXFileReference; fileEncoding = 4; lastKnownFileType = sourcecode.swift; path = ZPageControl.swift; sourceTree = "<group>"; };
		C2D23B5328ADEE32007C149B /* HomeCycleCollectionCell.swift */ = {isa = PBXFileReference; lastKnownFileType = sourcecode.swift; path = HomeCycleCollectionCell.swift; sourceTree = "<group>"; };
		C2D23B5628AE14A8007C149B /* MessageListTVCell.swift */ = {isa = PBXFileReference; lastKnownFileType = sourcecode.swift; path = MessageListTVCell.swift; sourceTree = "<group>"; };
		C2D23B5928AE2A37007C149B /* HomeAppListApi.swift */ = {isa = PBXFileReference; lastKnownFileType = sourcecode.swift; path = HomeAppListApi.swift; sourceTree = "<group>"; };
		C2D23B5B28AE436C007C149B /* HomeTestModel.swift */ = {isa = PBXFileReference; lastKnownFileType = sourcecode.swift; path = HomeTestModel.swift; sourceTree = "<group>"; };
		C2D23B5D28AE45A0007C149B /* YCBaseModel.swift */ = {isa = PBXFileReference; lastKnownFileType = sourcecode.swift; path = YCBaseModel.swift; sourceTree = "<group>"; };
		C2D23B6028AF6F41007C149B /* MineCollectionViewCell.swift */ = {isa = PBXFileReference; lastKnownFileType = sourcecode.swift; path = MineCollectionViewCell.swift; sourceTree = "<group>"; };
		C2D23B6628AF7607007C149B /* MessageDetailPageVC.swift */ = {isa = PBXFileReference; lastKnownFileType = sourcecode.swift; path = MessageDetailPageVC.swift; sourceTree = "<group>"; };
		D3FA13B3B777DCDF7C202157 /* Pods_swiftTest2.framework */ = {isa = PBXFileReference; explicitFileType = wrapper.framework; includeInIndex = 0; path = Pods_swiftTest2.framework; sourceTree = BUILT_PRODUCTS_DIR; };
		D59B5F94AD5566389FDEA433 /* Pods-swiftTest2.debug.xcconfig */ = {isa = PBXFileReference; includeInIndex = 1; lastKnownFileType = text.xcconfig; name = "Pods-swiftTest2.debug.xcconfig"; path = "Target Support Files/Pods-swiftTest2/Pods-swiftTest2.debug.xcconfig"; sourceTree = "<group>"; };
		E370FEBBA6C4284F0F91CB94 /* Pods-swiftTest2.release.xcconfig */ = {isa = PBXFileReference; includeInIndex = 1; lastKnownFileType = text.xcconfig; name = "Pods-swiftTest2.release.xcconfig"; path = "Target Support Files/Pods-swiftTest2/Pods-swiftTest2.release.xcconfig"; sourceTree = "<group>"; };
/* End PBXFileReference section */

/* Begin PBXFrameworksBuildPhase section */
		C2B1664628AB9273004C7084 /* Frameworks */ = {
			isa = PBXFrameworksBuildPhase;
			buildActionMask = 2147483647;
			files = (
				72B850ADFA12235DC50DF19D /* Pods_swiftTest2.framework in Frameworks */,
			);
			runOnlyForDeploymentPostprocessing = 0;
		};
		C2B1665C28AB9274004C7084 /* Frameworks */ = {
			isa = PBXFrameworksBuildPhase;
			buildActionMask = 2147483647;
			files = (
				0032FAB010D88C89AD0EC8D7 /* Pods_swiftTest2Tests.framework in Frameworks */,
			);
			runOnlyForDeploymentPostprocessing = 0;
		};
		C2B1666628AB9274004C7084 /* Frameworks */ = {
			isa = PBXFrameworksBuildPhase;
			buildActionMask = 2147483647;
			files = (
				A3306C0339E055C3993D67D6 /* Pods_swiftTest2_swiftTest2UITests.framework in Frameworks */,
			);
			runOnlyForDeploymentPostprocessing = 0;
		};
/* End PBXFrameworksBuildPhase section */

/* Begin PBXGroup section */
		33B2704B3CF5CFBCC8551E55 /* Frameworks */ = {
			isa = PBXGroup;
			children = (
				D3FA13B3B777DCDF7C202157 /* Pods_swiftTest2.framework */,
				1E05880E99F318E30AA0B1A6 /* Pods_swiftTest2_swiftTest2UITests.framework */,
				93EE9D4F2C7FC435A8F48FB9 /* Pods_swiftTest2Tests.framework */,
			);
			name = Frameworks;
			sourceTree = "<group>";
		};
		4CF9C85DC9B3B4AB7F8CCF78 /* Pods */ = {
			isa = PBXGroup;
			children = (
				D59B5F94AD5566389FDEA433 /* Pods-swiftTest2.debug.xcconfig */,
				E370FEBBA6C4284F0F91CB94 /* Pods-swiftTest2.release.xcconfig */,
				4E4DD6EE70ED500D2314EBBB /* Pods-swiftTest2-swiftTest2UITests.debug.xcconfig */,
				6A6CF99E6574EF7F05DB26DA /* Pods-swiftTest2-swiftTest2UITests.release.xcconfig */,
				03A2D7860506700C701F1DFF /* Pods-swiftTest2Tests.debug.xcconfig */,
				6D33019C09E60E5E33F86307 /* Pods-swiftTest2Tests.release.xcconfig */,
			);
			path = Pods;
			sourceTree = "<group>";
		};
		C22158DD28B8B4A0001F8277 /* Manager */ = {
			isa = PBXGroup;
			children = (
				C22158DE28B8B4C9001F8277 /* YCDeviceManager.swift */,
			);
			path = Manager;
			sourceTree = "<group>";
		};
		C25BF04128ACCF8E003E9836 /* Home */ = {
			isa = PBXGroup;
			children = (
				C25BF04528ACCFAC003E9836 /* HomePageViewController.swift */,
			);
			path = Home;
			sourceTree = "<group>";
		};
		C25BF04228ACCF8E003E9836 /* Login */ = {
			isa = PBXGroup;
			children = (
				C25BF04B28ACCFD3003E9836 /* LoginPageViewController.swift */,
			);
			path = Login;
			sourceTree = "<group>";
		};
		C25BF04328ACCF8E003E9836 /* Mine */ = {
			isa = PBXGroup;
			children = (
				C25BF04928ACCFBC003E9836 /* MinePageViewController.swift */,
			);
			path = Mine;
			sourceTree = "<group>";
		};
		C25BF04428ACCF8E003E9836 /* Message */ = {
			isa = PBXGroup;
			children = (
				C25BF04728ACCFB5003E9836 /* MessagePageViewController.swift */,
				C2A558F228BE13B6005D3DC7 /* MessageLottiePageVC.swift */,
				C2D23B6628AF7607007C149B /* MessageDetailPageVC.swift */,
				C2A558DA28BC979E005D3DC7 /* MessageNewsPageVC.swift */,
				C2A558DC28BCA1A8005D3DC7 /* MessageNewsListVC.swift */,
				C2A558E828BDB6BA005D3DC7 /* MessageNewsDetailVC.swift */,
			);
			path = Message;
			sourceTree = "<group>";
		};
		C25BF04D28ACD1AD003E9836 /* Extension */ = {
			isa = PBXGroup;
			children = (
				C2D23B3228ADDFE2007C149B /* ArrayExtensions.swift */,
				C2D23B3328ADDFE2007C149B /* ButtonExtension.swift */,
				C2D23B2728ADDFE2007C149B /* DictionaryExtension.swift */,
				C2D23B3028ADDFE2007C149B /* DispatchQueueExtension.swift */,
				C2D23B3428ADDFE2007C149B /* FontExtension.swift */,
				C2D23B2B28ADDFE2007C149B /* StringExtension.swift */,
				C2D23B2C28ADDFE2007C149B /* UIBarButtonItemExtension.swift */,
				C2D23B2D28ADDFE2007C149B /* UIDeviceExtension.swift */,
				C2D23B3728ADDFE2007C149B /* UIImageExtensions.swift */,
				C2D23B2A28ADDFE2007C149B /* WindowExtension.swift */,
				C25BF04E28ACD1AD003E9836 /* UIColorExtension.swift */,
				C2A558E228BCB9EE005D3DC7 /* UITableView+Extension.swift */,
			);
			path = Extension;
			sourceTree = "<group>";
		};
		C25BF05028ACD745003E9836 /* Macro&Const */ = {
			isa = PBXGroup;
			children = (
				C292F85428AC7D2D001B1984 /* SwiftHeader.swift */,
				C25BF05128ACD76E003E9836 /* UtilTextHeader.swift */,
				C25BF05328ACEE14003E9836 /* UtilNoticeHeader.swift */,
			);
			path = "Macro&Const";
			sourceTree = "<group>";
		};
		C292F85028AC7AC1001B1984 /* BaseVC */ = {
			isa = PBXGroup;
			children = (
				C292F85628AC8082001B1984 /* YCTabbarViewController.swift */,
				C292F86128AC8734001B1984 /* YCBaseViewController.swift */,
				C292F86328AC875A001B1984 /* YCNavigationController.swift */,
				C2CDC3BB28B31EF7008D72CD /* YCBaseWebViewController.swift */,
			);
			path = BaseVC;
			sourceTree = "<group>";
		};
		C292F85828AC85F9001B1984 /* Model */ = {
			isa = PBXGroup;
			children = (
				C2D23B5D28AE45A0007C149B /* YCBaseModel.swift */,
				C2D23B5B28AE436C007C149B /* HomeTestModel.swift */,
				C2A558D628BC6686005D3DC7 /* MessageTestModel.swift */,
				C2A558DE28BCA6E7005D3DC7 /* NewsTypesModel.swift */,
				C2A558E628BDA2D3005D3DC7 /* NewsListModel.swift */,
				C2A558EA28BDDBB7005D3DC7 /* NewsDetailModel.swift */,
			);
			path = Model;
			sourceTree = "<group>";
		};
		C292F85A28AC85F9001B1984 /* Class */ = {
			isa = PBXGroup;
			children = (
				C25BF04128ACCF8E003E9836 /* Home */,
				C25BF04228ACCF8E003E9836 /* Login */,
				C25BF04428ACCF8E003E9836 /* Message */,
				C25BF04328ACCF8E003E9836 /* Mine */,
			);
			path = Class;
			sourceTree = "<group>";
		};
		C2A558EC28BE1368005D3DC7 /* Resource */ = {
			isa = PBXGroup;
			children = (
				C2A558ED28BE1368005D3DC7 /* Lottie-json */,
			);
			path = Resource;
			sourceTree = "<group>";
		};
		C2A558ED28BE1368005D3DC7 /* Lottie-json */ = {
			isa = PBXGroup;
			children = (
				C2A558EE28BE1368005D3DC7 /* chicken.json */,
				C2A558EF28BE1368005D3DC7 /* mouse.json */,
			);
			path = "Lottie-json";
			sourceTree = "<group>";
		};
		C2B1664028AB9273004C7084 = {
			isa = PBXGroup;
			children = (
				C2B1664B28AB9273004C7084 /* swiftTest2 */,
				C2B1666228AB9274004C7084 /* swiftTest2Tests */,
				C2B1666C28AB9274004C7084 /* swiftTest2UITests */,
				C2B1664A28AB9273004C7084 /* Products */,
				4CF9C85DC9B3B4AB7F8CCF78 /* Pods */,
				33B2704B3CF5CFBCC8551E55 /* Frameworks */,
			);
			sourceTree = "<group>";
		};
		C2B1664A28AB9273004C7084 /* Products */ = {
			isa = PBXGroup;
			children = (
				C2B1664928AB9273004C7084 /* swiftTest2.app */,
				C2B1665F28AB9274004C7084 /* swiftTest2Tests.xctest */,
				C2B1666928AB9274004C7084 /* swiftTest2UITests.xctest */,
			);
			name = Products;
			sourceTree = "<group>";
		};
		C2B1664B28AB9273004C7084 /* swiftTest2 */ = {
			isa = PBXGroup;
			children = (
				C22158E028B8B626001F8277 /* swiftTest2.entitlements */,
				C2B1664C28AB9273004C7084 /* AppDelegate.swift */,
				C2B1665528AB9274004C7084 /* Assets.xcassets */,
				C2B1665A28AB9274004C7084 /* Info.plist */,
				C2B1665728AB9274004C7084 /* LaunchScreen.storyboard */,
				C2B1665228AB9273004C7084 /* Main.storyboard */,
				C2D23B2628ADD218007C149B /* swiftTest2-Bridging-Header.h */,
				C2A558EC28BE1368005D3DC7 /* Resource */,
				C2D23B5828AE2A21007C149B /* Api */,
				C292F85028AC7AC1001B1984 /* BaseVC */,
				C292F85A28AC85F9001B1984 /* Class */,
				C25BF04D28ACD1AD003E9836 /* Extension */,
				C25BF05028ACD745003E9836 /* Macro&Const */,
				C22158DD28B8B4A0001F8277 /* Manager */,
				C292F85828AC85F9001B1984 /* Model */,
				C2D23B4928ADEA1C007C149B /* ThirdParty */,
				C2CDC3C628B4687E008D72CD /* Tool */,
				C2D23B5128ADEE01007C149B /* View&Cell */,
			);
			path = swiftTest2;
			sourceTree = "<group>";
		};
		C2B1666228AB9274004C7084 /* swiftTest2Tests */ = {
			isa = PBXGroup;
			children = (
				C2B1666328AB9274004C7084 /* swiftTest2Tests.swift */,
			);
			path = swiftTest2Tests;
			sourceTree = "<group>";
		};
		C2B1666C28AB9274004C7084 /* swiftTest2UITests */ = {
			isa = PBXGroup;
			children = (
				C2B1666D28AB9274004C7084 /* swiftTest2UITests.swift */,
				C2B1666F28AB9274004C7084 /* swiftTest2UITestsLaunchTests.swift */,
			);
			path = swiftTest2UITests;
			sourceTree = "<group>";
		};
		C2C57F2A28BF3B2C006B76BF /* Custom */ = {
			isa = PBXGroup;
			children = (
				C2C57F2B28BF3B2C006B76BF /* YCCircleProgressView */,
			);
			path = Custom;
			sourceTree = "<group>";
		};
		C2C57F2B28BF3B2C006B76BF /* YCCircleProgressView */ = {
			isa = PBXGroup;
			children = (
				C2C57F2C28BF3B3E006B76BF /* YCCircleProgressView.swift */,
			);
			path = YCCircleProgressView;
			sourceTree = "<group>";
		};
		C2CDC3C628B4687E008D72CD /* Tool */ = {
			isa = PBXGroup;
			children = (
			);
			path = Tool;
			sourceTree = "<group>";
		};
		C2D23B4928ADEA1C007C149B /* ThirdParty */ = {
			isa = PBXGroup;
			children = (
				C2D23B4A28ADEA1C007C149B /* CycleView(轮播图) */,
			);
			path = ThirdParty;
			sourceTree = "<group>";
		};
		C2D23B4A28ADEA1C007C149B /* CycleView(轮播图) */ = {
			isa = PBXGroup;
			children = (
				C2D23B4B28ADEA1C007C149B /* ZCycleView.swift */,
				C2D23B4C28ADEA1C007C149B /* ZCycleLayout.swift */,
				C2D23B4D28ADEA1C007C149B /* ZPageControl.swift */,
			);
			path = "CycleView(轮播图)";
			sourceTree = "<group>";
		};
		C2D23B5128ADEE01007C149B /* View&Cell */ = {
			isa = PBXGroup;
			children = (
				C2C57F2A28BF3B2C006B76BF /* Custom */,
				C2D23B5F28AF6F2A007C149B /* Mine */,
				C2D23B5528AE1490007C149B /* Message */,
				C2D23B5228ADEE01007C149B /* Home */,
			);
			path = "View&Cell";
			sourceTree = "<group>";
		};
		C2D23B5228ADEE01007C149B /* Home */ = {
			isa = PBXGroup;
			children = (
				C2D23B5328ADEE32007C149B /* HomeCycleCollectionCell.swift */,
			);
			path = Home;
			sourceTree = "<group>";
		};
		C2D23B5528AE1490007C149B /* Message */ = {
			isa = PBXGroup;
			children = (
				C2D23B5628AE14A8007C149B /* MessageListTVCell.swift */,
				C2A558D828BC8AF6005D3DC7 /* MessageDailyListCell.swift */,
				C2A558E428BDA172005D3DC7 /* MessageNewsListCell.swift */,
			);
			path = Message;
			sourceTree = "<group>";
		};
		C2D23B5828AE2A21007C149B /* Api */ = {
			isa = PBXGroup;
			children = (
				C2A558D028BC5689005D3DC7 /* MoyaConfig.swift */,
				C2D23B5928AE2A37007C149B /* HomeAppListApi.swift */,
				C2A558D428BC5B0C005D3DC7 /* MessagePageApi.swift */,
			);
			path = Api;
			sourceTree = "<group>";
		};
		C2D23B5F28AF6F2A007C149B /* Mine */ = {
			isa = PBXGroup;
			children = (
				C2D23B6028AF6F41007C149B /* MineCollectionViewCell.swift */,
			);
			path = Mine;
			sourceTree = "<group>";
		};
/* End PBXGroup section */

/* Begin PBXNativeTarget section */
		C2B1664828AB9273004C7084 /* swiftTest2 */ = {
			isa = PBXNativeTarget;
			buildConfigurationList = C2B1667328AB9274004C7084 /* Build configuration list for PBXNativeTarget "swiftTest2" */;
			buildPhases = (
				610617FC37AC1CDD0DA0670E /* [CP] Check Pods Manifest.lock */,
				C2B1664528AB9273004C7084 /* Sources */,
				C2B1664628AB9273004C7084 /* Frameworks */,
				C2B1664728AB9273004C7084 /* Resources */,
				3FDC967E81FDD913B80827BC /* [CP] Embed Pods Frameworks */,
			);
			buildRules = (
			);
			dependencies = (
			);
			name = swiftTest2;
			productName = swiftTest2;
			productReference = C2B1664928AB9273004C7084 /* swiftTest2.app */;
			productType = "com.apple.product-type.application";
		};
		C2B1665E28AB9274004C7084 /* swiftTest2Tests */ = {
			isa = PBXNativeTarget;
			buildConfigurationList = C2B1667628AB9274004C7084 /* Build configuration list for PBXNativeTarget "swiftTest2Tests" */;
			buildPhases = (
				EED54074011BBA090A25D3D1 /* [CP] Check Pods Manifest.lock */,
				C2B1665B28AB9274004C7084 /* Sources */,
				C2B1665C28AB9274004C7084 /* Frameworks */,
				C2B1665D28AB9274004C7084 /* Resources */,
			);
			buildRules = (
			);
			dependencies = (
				C2B1666128AB9274004C7084 /* PBXTargetDependency */,
			);
			name = swiftTest2Tests;
			productName = swiftTest2Tests;
			productReference = C2B1665F28AB9274004C7084 /* swiftTest2Tests.xctest */;
			productType = "com.apple.product-type.bundle.unit-test";
		};
		C2B1666828AB9274004C7084 /* swiftTest2UITests */ = {
			isa = PBXNativeTarget;
			buildConfigurationList = C2B1667928AB9274004C7084 /* Build configuration list for PBXNativeTarget "swiftTest2UITests" */;
			buildPhases = (
				7544995530352F85AD5332A8 /* [CP] Check Pods Manifest.lock */,
				C2B1666528AB9274004C7084 /* Sources */,
				C2B1666628AB9274004C7084 /* Frameworks */,
				C2B1666728AB9274004C7084 /* Resources */,
				6A42C98125574AFCD6B6EDE4 /* [CP] Embed Pods Frameworks */,
			);
			buildRules = (
			);
			dependencies = (
				C2B1666B28AB9274004C7084 /* PBXTargetDependency */,
			);
			name = swiftTest2UITests;
			productName = swiftTest2UITests;
			productReference = C2B1666928AB9274004C7084 /* swiftTest2UITests.xctest */;
			productType = "com.apple.product-type.bundle.ui-testing";
		};
/* End PBXNativeTarget section */

/* Begin PBXProject section */
		C2B1664128AB9273004C7084 /* Project object */ = {
			isa = PBXProject;
			attributes = {
				BuildIndependentTargetsInParallel = 1;
				LastSwiftUpdateCheck = 1340;
				LastUpgradeCheck = 1340;
				TargetAttributes = {
					C2B1664828AB9273004C7084 = {
						CreatedOnToolsVersion = 13.4;
					};
					C2B1665E28AB9274004C7084 = {
						CreatedOnToolsVersion = 13.4;
						TestTargetID = C2B1664828AB9273004C7084;
					};
					C2B1666828AB9274004C7084 = {
						CreatedOnToolsVersion = 13.4;
						TestTargetID = C2B1664828AB9273004C7084;
					};
				};
			};
			buildConfigurationList = C2B1664428AB9273004C7084 /* Build configuration list for PBXProject "swiftTest2" */;
			compatibilityVersion = "Xcode 13.0";
			developmentRegion = en;
			hasScannedForEncodings = 0;
			knownRegions = (
				en,
				Base,
			);
			mainGroup = C2B1664028AB9273004C7084;
			productRefGroup = C2B1664A28AB9273004C7084 /* Products */;
			projectDirPath = "";
			projectRoot = "";
			targets = (
				C2B1664828AB9273004C7084 /* swiftTest2 */,
				C2B1665E28AB9274004C7084 /* swiftTest2Tests */,
				C2B1666828AB9274004C7084 /* swiftTest2UITests */,
			);
		};
/* End PBXProject section */

/* Begin PBXResourcesBuildPhase section */
		C2B1664728AB9273004C7084 /* Resources */ = {
			isa = PBXResourcesBuildPhase;
			buildActionMask = 2147483647;
			files = (
				C2B1665928AB9274004C7084 /* LaunchScreen.storyboard in Resources */,
				C2A558F128BE1368005D3DC7 /* mouse.json in Resources */,
				C2A558F028BE1368005D3DC7 /* chicken.json in Resources */,
				C2B1665628AB9274004C7084 /* Assets.xcassets in Resources */,
				C2B1665428AB9273004C7084 /* Main.storyboard in Resources */,
			);
			runOnlyForDeploymentPostprocessing = 0;
		};
		C2B1665D28AB9274004C7084 /* Resources */ = {
			isa = PBXResourcesBuildPhase;
			buildActionMask = 2147483647;
			files = (
			);
			runOnlyForDeploymentPostprocessing = 0;
		};
		C2B1666728AB9274004C7084 /* Resources */ = {
			isa = PBXResourcesBuildPhase;
			buildActionMask = 2147483647;
			files = (
			);
			runOnlyForDeploymentPostprocessing = 0;
		};
/* End PBXResourcesBuildPhase section */

/* Begin PBXShellScriptBuildPhase section */
		3FDC967E81FDD913B80827BC /* [CP] Embed Pods Frameworks */ = {
			isa = PBXShellScriptBuildPhase;
			buildActionMask = 2147483647;
			files = (
			);
			inputFileListPaths = (
				"${PODS_ROOT}/Target Support Files/Pods-swiftTest2/Pods-swiftTest2-frameworks-${CONFIGURATION}-input-files.xcfilelist",
			);
			name = "[CP] Embed Pods Frameworks";
			outputFileListPaths = (
				"${PODS_ROOT}/Target Support Files/Pods-swiftTest2/Pods-swiftTest2-frameworks-${CONFIGURATION}-output-files.xcfilelist",
			);
			runOnlyForDeploymentPostprocessing = 0;
			shellPath = /bin/sh;
			shellScript = "\"${PODS_ROOT}/Target Support Files/Pods-swiftTest2/Pods-swiftTest2-frameworks.sh\"\n";
			showEnvVarsInLog = 0;
		};
		610617FC37AC1CDD0DA0670E /* [CP] Check Pods Manifest.lock */ = {
			isa = PBXShellScriptBuildPhase;
			buildActionMask = 2147483647;
			files = (
			);
			inputFileListPaths = (
			);
			inputPaths = (
				"${PODS_PODFILE_DIR_PATH}/Podfile.lock",
				"${PODS_ROOT}/Manifest.lock",
			);
			name = "[CP] Check Pods Manifest.lock";
			outputFileListPaths = (
			);
			outputPaths = (
				"$(DERIVED_FILE_DIR)/Pods-swiftTest2-checkManifestLockResult.txt",
			);
			runOnlyForDeploymentPostprocessing = 0;
			shellPath = /bin/sh;
			shellScript = "diff \"${PODS_PODFILE_DIR_PATH}/Podfile.lock\" \"${PODS_ROOT}/Manifest.lock\" > /dev/null\nif [ $? != 0 ] ; then\n    # print error to STDERR\n    echo \"error: The sandbox is not in sync with the Podfile.lock. Run 'pod install' or update your CocoaPods installation.\" >&2\n    exit 1\nfi\n# This output is used by Xcode 'outputs' to avoid re-running this script phase.\necho \"SUCCESS\" > \"${SCRIPT_OUTPUT_FILE_0}\"\n";
			showEnvVarsInLog = 0;
		};
		6A42C98125574AFCD6B6EDE4 /* [CP] Embed Pods Frameworks */ = {
			isa = PBXShellScriptBuildPhase;
			buildActionMask = 2147483647;
			files = (
			);
			inputFileListPaths = (
				"${PODS_ROOT}/Target Support Files/Pods-swiftTest2-swiftTest2UITests/Pods-swiftTest2-swiftTest2UITests-frameworks-${CONFIGURATION}-input-files.xcfilelist",
			);
			name = "[CP] Embed Pods Frameworks";
			outputFileListPaths = (
				"${PODS_ROOT}/Target Support Files/Pods-swiftTest2-swiftTest2UITests/Pods-swiftTest2-swiftTest2UITests-frameworks-${CONFIGURATION}-output-files.xcfilelist",
			);
			runOnlyForDeploymentPostprocessing = 0;
			shellPath = /bin/sh;
			shellScript = "\"${PODS_ROOT}/Target Support Files/Pods-swiftTest2-swiftTest2UITests/Pods-swiftTest2-swiftTest2UITests-frameworks.sh\"\n";
			showEnvVarsInLog = 0;
		};
		7544995530352F85AD5332A8 /* [CP] Check Pods Manifest.lock */ = {
			isa = PBXShellScriptBuildPhase;
			buildActionMask = 2147483647;
			files = (
			);
			inputFileListPaths = (
			);
			inputPaths = (
				"${PODS_PODFILE_DIR_PATH}/Podfile.lock",
				"${PODS_ROOT}/Manifest.lock",
			);
			name = "[CP] Check Pods Manifest.lock";
			outputFileListPaths = (
			);
			outputPaths = (
				"$(DERIVED_FILE_DIR)/Pods-swiftTest2-swiftTest2UITests-checkManifestLockResult.txt",
			);
			runOnlyForDeploymentPostprocessing = 0;
			shellPath = /bin/sh;
			shellScript = "diff \"${PODS_PODFILE_DIR_PATH}/Podfile.lock\" \"${PODS_ROOT}/Manifest.lock\" > /dev/null\nif [ $? != 0 ] ; then\n    # print error to STDERR\n    echo \"error: The sandbox is not in sync with the Podfile.lock. Run 'pod install' or update your CocoaPods installation.\" >&2\n    exit 1\nfi\n# This output is used by Xcode 'outputs' to avoid re-running this script phase.\necho \"SUCCESS\" > \"${SCRIPT_OUTPUT_FILE_0}\"\n";
			showEnvVarsInLog = 0;
		};
		EED54074011BBA090A25D3D1 /* [CP] Check Pods Manifest.lock */ = {
			isa = PBXShellScriptBuildPhase;
			buildActionMask = 2147483647;
			files = (
			);
			inputFileListPaths = (
			);
			inputPaths = (
				"${PODS_PODFILE_DIR_PATH}/Podfile.lock",
				"${PODS_ROOT}/Manifest.lock",
			);
			name = "[CP] Check Pods Manifest.lock";
			outputFileListPaths = (
			);
			outputPaths = (
				"$(DERIVED_FILE_DIR)/Pods-swiftTest2Tests-checkManifestLockResult.txt",
			);
			runOnlyForDeploymentPostprocessing = 0;
			shellPath = /bin/sh;
			shellScript = "diff \"${PODS_PODFILE_DIR_PATH}/Podfile.lock\" \"${PODS_ROOT}/Manifest.lock\" > /dev/null\nif [ $? != 0 ] ; then\n    # print error to STDERR\n    echo \"error: The sandbox is not in sync with the Podfile.lock. Run 'pod install' or update your CocoaPods installation.\" >&2\n    exit 1\nfi\n# This output is used by Xcode 'outputs' to avoid re-running this script phase.\necho \"SUCCESS\" > \"${SCRIPT_OUTPUT_FILE_0}\"\n";
			showEnvVarsInLog = 0;
		};
/* End PBXShellScriptBuildPhase section */

/* Begin PBXSourcesBuildPhase section */
		C2B1664528AB9273004C7084 /* Sources */ = {
			isa = PBXSourcesBuildPhase;
			buildActionMask = 2147483647;
			files = (
				C292F85528AC7D2D001B1984 /* SwiftHeader.swift in Sources */,
				C2D23B5428ADEE32007C149B /* HomeCycleCollectionCell.swift in Sources */,
				C2D23B6728AF7607007C149B /* MessageDetailPageVC.swift in Sources */,
				C2C57F2D28BF3B3E006B76BF /* YCCircleProgressView.swift in Sources */,
				C292F86228AC8734001B1984 /* YCBaseViewController.swift in Sources */,
				C2D23B3D28ADDFE2007C149B /* UIBarButtonItemExtension.swift in Sources */,
				C2A558DF28BCA6E7005D3DC7 /* NewsTypesModel.swift in Sources */,
				C25BF04828ACCFB5003E9836 /* MessagePageViewController.swift in Sources */,
				C25BF04C28ACCFD3003E9836 /* LoginPageViewController.swift in Sources */,
				C2D23B4328ADDFE2007C149B /* ArrayExtensions.swift in Sources */,
				C2A558EB28BDDBB7005D3DC7 /* NewsDetailModel.swift in Sources */,
				C2D23B5A28AE2A37007C149B /* HomeAppListApi.swift in Sources */,
				C2D23B3B28ADDFE2007C149B /* WindowExtension.swift in Sources */,
				C2D23B3828ADDFE2007C149B /* DictionaryExtension.swift in Sources */,
				C25BF04628ACCFAC003E9836 /* HomePageViewController.swift in Sources */,
				C2D23B3C28ADDFE2007C149B /* StringExtension.swift in Sources */,
				C2A558DB28BC979E005D3DC7 /* MessageNewsPageVC.swift in Sources */,
				C2D23B5E28AE45A0007C149B /* YCBaseModel.swift in Sources */,
				C25BF04A28ACCFBC003E9836 /* MinePageViewController.swift in Sources */,
				C2A558D528BC5B0C005D3DC7 /* MessagePageApi.swift in Sources */,
				C22158DF28B8B4C9001F8277 /* YCDeviceManager.swift in Sources */,
				C2D23B3E28ADDFE2007C149B /* UIDeviceExtension.swift in Sources */,
				C2D23B4E28ADEA1C007C149B /* ZCycleView.swift in Sources */,
				C2D23B6128AF6F41007C149B /* MineCollectionViewCell.swift in Sources */,
				C2D23B4F28ADEA1C007C149B /* ZCycleLayout.swift in Sources */,
				C2A558E328BCB9EE005D3DC7 /* UITableView+Extension.swift in Sources */,
				C2A558D928BC8AF6005D3DC7 /* MessageDailyListCell.swift in Sources */,
				C2A558D128BC5689005D3DC7 /* MoyaConfig.swift in Sources */,
				C2D23B4128ADDFE2007C149B /* DispatchQueueExtension.swift in Sources */,
				C2A558DD28BCA1A8005D3DC7 /* MessageNewsListVC.swift in Sources */,
				C2A558D728BC6686005D3DC7 /* MessageTestModel.swift in Sources */,
				C2D23B4428ADDFE2007C149B /* ButtonExtension.swift in Sources */,
				C2A558E928BDB6BA005D3DC7 /* MessageNewsDetailVC.swift in Sources */,
				C25BF05428ACEE14003E9836 /* UtilNoticeHeader.swift in Sources */,
				C25BF05228ACD76E003E9836 /* UtilTextHeader.swift in Sources */,
				C292F85728AC8082001B1984 /* YCTabbarViewController.swift in Sources */,
				C2D23B5C28AE436C007C149B /* HomeTestModel.swift in Sources */,
				C2D23B4828ADDFE2007C149B /* UIImageExtensions.swift in Sources */,
				C2D23B5028ADEA1C007C149B /* ZPageControl.swift in Sources */,
				C25BF04F28ACD1AD003E9836 /* UIColorExtension.swift in Sources */,
				C2B1664D28AB9273004C7084 /* AppDelegate.swift in Sources */,
				C2D23B5728AE14A8007C149B /* MessageListTVCell.swift in Sources */,
				C2D23B4528ADDFE2007C149B /* FontExtension.swift in Sources */,
				C2A558E728BDA2D3005D3DC7 /* NewsListModel.swift in Sources */,
				C2CDC3BC28B31EF7008D72CD /* YCBaseWebViewController.swift in Sources */,
				C292F86428AC875A001B1984 /* YCNavigationController.swift in Sources */,
				C2A558E528BDA172005D3DC7 /* MessageNewsListCell.swift in Sources */,
				C2A558F328BE13B6005D3DC7 /* MessageLottiePageVC.swift in Sources */,
			);
			runOnlyForDeploymentPostprocessing = 0;
		};
		C2B1665B28AB9274004C7084 /* Sources */ = {
			isa = PBXSourcesBuildPhase;
			buildActionMask = 2147483647;
			files = (
				C2B1666428AB9274004C7084 /* swiftTest2Tests.swift in Sources */,
			);
			runOnlyForDeploymentPostprocessing = 0;
		};
		C2B1666528AB9274004C7084 /* Sources */ = {
			isa = PBXSourcesBuildPhase;
			buildActionMask = 2147483647;
			files = (
				C2B1666E28AB9274004C7084 /* swiftTest2UITests.swift in Sources */,
				C2B1667028AB9274004C7084 /* swiftTest2UITestsLaunchTests.swift in Sources */,
			);
			runOnlyForDeploymentPostprocessing = 0;
		};
/* End PBXSourcesBuildPhase section */

/* Begin PBXTargetDependency section */
		C2B1666128AB9274004C7084 /* PBXTargetDependency */ = {
			isa = PBXTargetDependency;
			target = C2B1664828AB9273004C7084 /* swiftTest2 */;
			targetProxy = C2B1666028AB9274004C7084 /* PBXContainerItemProxy */;
		};
		C2B1666B28AB9274004C7084 /* PBXTargetDependency */ = {
			isa = PBXTargetDependency;
			target = C2B1664828AB9273004C7084 /* swiftTest2 */;
			targetProxy = C2B1666A28AB9274004C7084 /* PBXContainerItemProxy */;
		};
/* End PBXTargetDependency section */

/* Begin PBXVariantGroup section */
		C2B1665228AB9273004C7084 /* Main.storyboard */ = {
			isa = PBXVariantGroup;
			children = (
				C2B1665328AB9273004C7084 /* Base */,
			);
			name = Main.storyboard;
			sourceTree = "<group>";
		};
		C2B1665728AB9274004C7084 /* LaunchScreen.storyboard */ = {
			isa = PBXVariantGroup;
			children = (
				C2B1665828AB9274004C7084 /* Base */,
			);
			name = LaunchScreen.storyboard;
			sourceTree = "<group>";
		};
/* End PBXVariantGroup section */

/* Begin XCBuildConfiguration section */
		C2B1667128AB9274004C7084 /* Debug */ = {
			isa = XCBuildConfiguration;
			buildSettings = {
				ALWAYS_SEARCH_USER_PATHS = NO;
				CLANG_ANALYZER_NONNULL = YES;
				CLANG_ANALYZER_NUMBER_OBJECT_CONVERSION = YES_AGGRESSIVE;
				CLANG_CXX_LANGUAGE_STANDARD = "gnu++17";
				CLANG_ENABLE_MODULES = YES;
				CLANG_ENABLE_OBJC_ARC = YES;
				CLANG_ENABLE_OBJC_WEAK = YES;
				CLANG_WARN_BLOCK_CAPTURE_AUTORELEASING = YES;
				CLANG_WARN_BOOL_CONVERSION = YES;
				CLANG_WARN_COMMA = YES;
				CLANG_WARN_CONSTANT_CONVERSION = YES;
				CLANG_WARN_DEPRECATED_OBJC_IMPLEMENTATIONS = YES;
				CLANG_WARN_DIRECT_OBJC_ISA_USAGE = YES_ERROR;
				CLANG_WARN_DOCUMENTATION_COMMENTS = YES;
				CLANG_WARN_EMPTY_BODY = YES;
				CLANG_WARN_ENUM_CONVERSION = YES;
				CLANG_WARN_INFINITE_RECURSION = YES;
				CLANG_WARN_INT_CONVERSION = YES;
				CLANG_WARN_NON_LITERAL_NULL_CONVERSION = YES;
				CLANG_WARN_OBJC_IMPLICIT_RETAIN_SELF = YES;
				CLANG_WARN_OBJC_LITERAL_CONVERSION = YES;
				CLANG_WARN_OBJC_ROOT_CLASS = YES_ERROR;
				CLANG_WARN_QUOTED_INCLUDE_IN_FRAMEWORK_HEADER = YES;
				CLANG_WARN_RANGE_LOOP_ANALYSIS = YES;
				CLANG_WARN_STRICT_PROTOTYPES = YES;
				CLANG_WARN_SUSPICIOUS_MOVE = YES;
				CLANG_WARN_UNGUARDED_AVAILABILITY = YES_AGGRESSIVE;
				CLANG_WARN_UNREACHABLE_CODE = YES;
				CLANG_WARN__DUPLICATE_METHOD_MATCH = YES;
				COPY_PHASE_STRIP = NO;
				DEBUG_INFORMATION_FORMAT = dwarf;
				ENABLE_STRICT_OBJC_MSGSEND = YES;
				ENABLE_TESTABILITY = YES;
				GCC_C_LANGUAGE_STANDARD = gnu11;
				GCC_DYNAMIC_NO_PIC = NO;
				GCC_NO_COMMON_BLOCKS = YES;
				GCC_OPTIMIZATION_LEVEL = 0;
				GCC_PREPROCESSOR_DEFINITIONS = (
					"DEBUG=1",
					"$(inherited)",
				);
				GCC_WARN_64_TO_32_BIT_CONVERSION = YES;
				GCC_WARN_ABOUT_RETURN_TYPE = YES_ERROR;
				GCC_WARN_UNDECLARED_SELECTOR = YES;
				GCC_WARN_UNINITIALIZED_AUTOS = YES_AGGRESSIVE;
				GCC_WARN_UNUSED_FUNCTION = YES;
				GCC_WARN_UNUSED_VARIABLE = YES;
				IPHONEOS_DEPLOYMENT_TARGET = 15.5;
				MTL_ENABLE_DEBUG_INFO = INCLUDE_SOURCE;
				MTL_FAST_MATH = YES;
				ONLY_ACTIVE_ARCH = YES;
				SDKROOT = iphoneos;
				SWIFT_ACTIVE_COMPILATION_CONDITIONS = DEBUG;
				SWIFT_OPTIMIZATION_LEVEL = "-Onone";
			};
			name = Debug;
		};
		C2B1667228AB9274004C7084 /* Release */ = {
			isa = XCBuildConfiguration;
			buildSettings = {
				ALWAYS_SEARCH_USER_PATHS = NO;
				CLANG_ANALYZER_NONNULL = YES;
				CLANG_ANALYZER_NUMBER_OBJECT_CONVERSION = YES_AGGRESSIVE;
				CLANG_CXX_LANGUAGE_STANDARD = "gnu++17";
				CLANG_ENABLE_MODULES = YES;
				CLANG_ENABLE_OBJC_ARC = YES;
				CLANG_ENABLE_OBJC_WEAK = YES;
				CLANG_WARN_BLOCK_CAPTURE_AUTORELEASING = YES;
				CLANG_WARN_BOOL_CONVERSION = YES;
				CLANG_WARN_COMMA = YES;
				CLANG_WARN_CONSTANT_CONVERSION = YES;
				CLANG_WARN_DEPRECATED_OBJC_IMPLEMENTATIONS = YES;
				CLANG_WARN_DIRECT_OBJC_ISA_USAGE = YES_ERROR;
				CLANG_WARN_DOCUMENTATION_COMMENTS = YES;
				CLANG_WARN_EMPTY_BODY = YES;
				CLANG_WARN_ENUM_CONVERSION = YES;
				CLANG_WARN_INFINITE_RECURSION = YES;
				CLANG_WARN_INT_CONVERSION = YES;
				CLANG_WARN_NON_LITERAL_NULL_CONVERSION = YES;
				CLANG_WARN_OBJC_IMPLICIT_RETAIN_SELF = YES;
				CLANG_WARN_OBJC_LITERAL_CONVERSION = YES;
				CLANG_WARN_OBJC_ROOT_CLASS = YES_ERROR;
				CLANG_WARN_QUOTED_INCLUDE_IN_FRAMEWORK_HEADER = YES;
				CLANG_WARN_RANGE_LOOP_ANALYSIS = YES;
				CLANG_WARN_STRICT_PROTOTYPES = YES;
				CLANG_WARN_SUSPICIOUS_MOVE = YES;
				CLANG_WARN_UNGUARDED_AVAILABILITY = YES_AGGRESSIVE;
				CLANG_WARN_UNREACHABLE_CODE = YES;
				CLANG_WARN__DUPLICATE_METHOD_MATCH = YES;
				COPY_PHASE_STRIP = NO;
				DEBUG_INFORMATION_FORMAT = "dwarf-with-dsym";
				ENABLE_NS_ASSERTIONS = NO;
				ENABLE_STRICT_OBJC_MSGSEND = YES;
				GCC_C_LANGUAGE_STANDARD = gnu11;
				GCC_NO_COMMON_BLOCKS = YES;
				GCC_WARN_64_TO_32_BIT_CONVERSION = YES;
				GCC_WARN_ABOUT_RETURN_TYPE = YES_ERROR;
				GCC_WARN_UNDECLARED_SELECTOR = YES;
				GCC_WARN_UNINITIALIZED_AUTOS = YES_AGGRESSIVE;
				GCC_WARN_UNUSED_FUNCTION = YES;
				GCC_WARN_UNUSED_VARIABLE = YES;
				IPHONEOS_DEPLOYMENT_TARGET = 15.5;
				MTL_ENABLE_DEBUG_INFO = NO;
				MTL_FAST_MATH = YES;
				SDKROOT = iphoneos;
				SWIFT_COMPILATION_MODE = wholemodule;
				SWIFT_OPTIMIZATION_LEVEL = "-O";
				VALIDATE_PRODUCT = YES;
			};
			name = Release;
		};
		C2B1667428AB9274004C7084 /* Debug */ = {
			isa = XCBuildConfiguration;
			baseConfigurationReference = D59B5F94AD5566389FDEA433 /* Pods-swiftTest2.debug.xcconfig */;
			buildSettings = {
				ASSETCATALOG_COMPILER_APPICON_NAME = AppIcon;
				ASSETCATALOG_COMPILER_GLOBAL_ACCENT_COLOR_NAME = AccentColor;
				CODE_SIGN_ENTITLEMENTS = swiftTest2/swiftTest2.entitlements;
				CODE_SIGN_STYLE = Automatic;
				CURRENT_PROJECT_VERSION = 1;
				DEVELOPMENT_TEAM = WGW32ZNK8Q;
				GCC_PREFIX_HEADER = "";
				GENERATE_INFOPLIST_FILE = YES;
				INFOPLIST_FILE = swiftTest2/Info.plist;
				INFOPLIST_KEY_CFBundleDisplayName = "环保";
				INFOPLIST_KEY_UIApplicationSupportsIndirectInputEvents = YES;
				INFOPLIST_KEY_UILaunchStoryboardName = LaunchScreen;
				INFOPLIST_KEY_UISupportedInterfaceOrientations = UIInterfaceOrientationPortrait;
				INFOPLIST_KEY_UISupportedInterfaceOrientations_iPad = "UIInterfaceOrientationPortrait UIInterfaceOrientationPortraitUpsideDown UIInterfaceOrientationLandscapeLeft UIInterfaceOrientationLandscapeRight";
				INFOPLIST_KEY_UISupportedInterfaceOrientations_iPhone = "UIInterfaceOrientationPortrait UIInterfaceOrientationLandscapeLeft UIInterfaceOrientationLandscapeRight";
				IPHONEOS_DEPLOYMENT_TARGET = 10.0;
				LD_RUNPATH_SEARCH_PATHS = (
					"$(inherited)",
					"@executable_path/Frameworks",
				);
				MARKETING_VERSION = 1.0;
				PRODUCT_BUNDLE_IDENTIFIER = com.trustmobi.demo.swiftTest2;
				PRODUCT_NAME = "$(TARGET_NAME)";
				SWIFT_EMIT_LOC_STRINGS = YES;
				SWIFT_OBJC_BRIDGING_HEADER = "$(SRCROOT)/swiftTest2/swiftTest2-Bridging-Header.h";
				SWIFT_VERSION = 5.0;
				TARGETED_DEVICE_FAMILY = 1;
			};
			name = Debug;
		};
		C2B1667528AB9274004C7084 /* Release */ = {
			isa = XCBuildConfiguration;
			baseConfigurationReference = E370FEBBA6C4284F0F91CB94 /* Pods-swiftTest2.release.xcconfig */;
			buildSettings = {
				ASSETCATALOG_COMPILER_APPICON_NAME = AppIcon;
				ASSETCATALOG_COMPILER_GLOBAL_ACCENT_COLOR_NAME = AccentColor;
				CODE_SIGN_ENTITLEMENTS = swiftTest2/swiftTest2.entitlements;
				CODE_SIGN_STYLE = Automatic;
				CURRENT_PROJECT_VERSION = 1;
				DEVELOPMENT_TEAM = WGW32ZNK8Q;
				GCC_PREFIX_HEADER = "";
				GENERATE_INFOPLIST_FILE = YES;
				INFOPLIST_FILE = swiftTest2/Info.plist;
				INFOPLIST_KEY_CFBundleDisplayName = "环保";
				INFOPLIST_KEY_UIApplicationSupportsIndirectInputEvents = YES;
				INFOPLIST_KEY_UILaunchStoryboardName = LaunchScreen;
				INFOPLIST_KEY_UISupportedInterfaceOrientations = UIInterfaceOrientationPortrait;
				INFOPLIST_KEY_UISupportedInterfaceOrientations_iPad = "UIInterfaceOrientationPortrait UIInterfaceOrientationPortraitUpsideDown UIInterfaceOrientationLandscapeLeft UIInterfaceOrientationLandscapeRight";
				INFOPLIST_KEY_UISupportedInterfaceOrientations_iPhone = "UIInterfaceOrientationPortrait UIInterfaceOrientationLandscapeLeft UIInterfaceOrientationLandscapeRight";
				IPHONEOS_DEPLOYMENT_TARGET = 10.0;
				LD_RUNPATH_SEARCH_PATHS = (
					"$(inherited)",
					"@executable_path/Frameworks",
				);
				MARKETING_VERSION = 1.0;
				PRODUCT_BUNDLE_IDENTIFIER = com.trustmobi.demo.swiftTest2;
				PRODUCT_NAME = "$(TARGET_NAME)";
				SWIFT_EMIT_LOC_STRINGS = YES;
				SWIFT_OBJC_BRIDGING_HEADER = "$(SRCROOT)/swiftTest2/swiftTest2-Bridging-Header.h";
				SWIFT_VERSION = 5.0;
				TARGETED_DEVICE_FAMILY = 1;
			};
			name = Release;
		};
		C2B1667728AB9274004C7084 /* Debug */ = {
			isa = XCBuildConfiguration;
			baseConfigurationReference = 03A2D7860506700C701F1DFF /* Pods-swiftTest2Tests.debug.xcconfig */;
			buildSettings = {
				ALWAYS_EMBED_SWIFT_STANDARD_LIBRARIES = YES;
				BUNDLE_LOADER = "$(TEST_HOST)";
				CODE_SIGN_STYLE = Automatic;
				CURRENT_PROJECT_VERSION = 1;
				DEVELOPMENT_TEAM = WGW32ZNK8Q;
				GENERATE_INFOPLIST_FILE = YES;
				IPHONEOS_DEPLOYMENT_TARGET = 15.5;
				MARKETING_VERSION = 1.0;
				PRODUCT_BUNDLE_IDENTIFIER = com.trustmobi.demo.swiftTest2Tests;
				PRODUCT_NAME = "$(TARGET_NAME)";
				SWIFT_EMIT_LOC_STRINGS = NO;
				SWIFT_VERSION = 5.0;
				TARGETED_DEVICE_FAMILY = "1,2";
				TEST_HOST = "$(BUILT_PRODUCTS_DIR)/swiftTest2.app/swiftTest2";
			};
			name = Debug;
		};
		C2B1667828AB9274004C7084 /* Release */ = {
			isa = XCBuildConfiguration;
			baseConfigurationReference = 6D33019C09E60E5E33F86307 /* Pods-swiftTest2Tests.release.xcconfig */;
			buildSettings = {
				ALWAYS_EMBED_SWIFT_STANDARD_LIBRARIES = YES;
				BUNDLE_LOADER = "$(TEST_HOST)";
				CODE_SIGN_STYLE = Automatic;
				CURRENT_PROJECT_VERSION = 1;
				DEVELOPMENT_TEAM = WGW32ZNK8Q;
				GENERATE_INFOPLIST_FILE = YES;
				IPHONEOS_DEPLOYMENT_TARGET = 15.5;
				MARKETING_VERSION = 1.0;
				PRODUCT_BUNDLE_IDENTIFIER = com.trustmobi.demo.swiftTest2Tests;
				PRODUCT_NAME = "$(TARGET_NAME)";
				SWIFT_EMIT_LOC_STRINGS = NO;
				SWIFT_VERSION = 5.0;
				TARGETED_DEVICE_FAMILY = "1,2";
				TEST_HOST = "$(BUILT_PRODUCTS_DIR)/swiftTest2.app/swiftTest2";
			};
			name = Release;
		};
		C2B1667A28AB9274004C7084 /* Debug */ = {
			isa = XCBuildConfiguration;
			baseConfigurationReference = 4E4DD6EE70ED500D2314EBBB /* Pods-swiftTest2-swiftTest2UITests.debug.xcconfig */;
			buildSettings = {
				ALWAYS_EMBED_SWIFT_STANDARD_LIBRARIES = YES;
				CODE_SIGN_STYLE = Automatic;
				CURRENT_PROJECT_VERSION = 1;
				DEVELOPMENT_TEAM = WGW32ZNK8Q;
				GENERATE_INFOPLIST_FILE = YES;
				MARKETING_VERSION = 1.0;
				PRODUCT_BUNDLE_IDENTIFIER = com.trustmobi.demo.swiftTest2UITests;
				PRODUCT_NAME = "$(TARGET_NAME)";
				SWIFT_EMIT_LOC_STRINGS = NO;
				SWIFT_VERSION = 5.0;
				TARGETED_DEVICE_FAMILY = "1,2";
				TEST_TARGET_NAME = swiftTest2;
			};
			name = Debug;
		};
		C2B1667B28AB9274004C7084 /* Release */ = {
			isa = XCBuildConfiguration;
			baseConfigurationReference = 6A6CF99E6574EF7F05DB26DA /* Pods-swiftTest2-swiftTest2UITests.release.xcconfig */;
			buildSettings = {
				ALWAYS_EMBED_SWIFT_STANDARD_LIBRARIES = YES;
				CODE_SIGN_STYLE = Automatic;
				CURRENT_PROJECT_VERSION = 1;
				DEVELOPMENT_TEAM = WGW32ZNK8Q;
				GENERATE_INFOPLIST_FILE = YES;
				MARKETING_VERSION = 1.0;
				PRODUCT_BUNDLE_IDENTIFIER = com.trustmobi.demo.swiftTest2UITests;
				PRODUCT_NAME = "$(TARGET_NAME)";
				SWIFT_EMIT_LOC_STRINGS = NO;
				SWIFT_VERSION = 5.0;
				TARGETED_DEVICE_FAMILY = "1,2";
				TEST_TARGET_NAME = swiftTest2;
			};
			name = Release;
		};
/* End XCBuildConfiguration section */

/* Begin XCConfigurationList section */
		C2B1664428AB9273004C7084 /* Build configuration list for PBXProject "swiftTest2" */ = {
			isa = XCConfigurationList;
			buildConfigurations = (
				C2B1667128AB9274004C7084 /* Debug */,
				C2B1667228AB9274004C7084 /* Release */,
			);
			defaultConfigurationIsVisible = 0;
			defaultConfigurationName = Release;
		};
		C2B1667328AB9274004C7084 /* Build configuration list for PBXNativeTarget "swiftTest2" */ = {
			isa = XCConfigurationList;
			buildConfigurations = (
				C2B1667428AB9274004C7084 /* Debug */,
				C2B1667528AB9274004C7084 /* Release */,
			);
			defaultConfigurationIsVisible = 0;
			defaultConfigurationName = Release;
		};
		C2B1667628AB9274004C7084 /* Build configuration list for PBXNativeTarget "swiftTest2Tests" */ = {
			isa = XCConfigurationList;
			buildConfigurations = (
				C2B1667728AB9274004C7084 /* Debug */,
				C2B1667828AB9274004C7084 /* Release */,
			);
			defaultConfigurationIsVisible = 0;
			defaultConfigurationName = Release;
		};
		C2B1667928AB9274004C7084 /* Build configuration list for PBXNativeTarget "swiftTest2UITests" */ = {
			isa = XCConfigurationList;
			buildConfigurations = (
				C2B1667A28AB9274004C7084 /* Debug */,
				C2B1667B28AB9274004C7084 /* Release */,
			);
			defaultConfigurationIsVisible = 0;
			defaultConfigurationName = Release;
		};
/* End XCConfigurationList section */
	};
	rootObject = C2B1664128AB9273004C7084 /* Project object */;
}
